
Microsoft Visual Studio Solution File, Format Version 12.00
# Visual Studio Version 17
VisualStudioVersion = 17.7.34221.43
MinimumVisualStudioVersion = 10.0.40219.1
Project("{FAE04EC0-301F-11D3-BF4B-00C04F79EFBC}") = "Test_saucedemo", "Test_saucedemo\Test_saucedemo.csproj", "{8BE7841C-0CB8-4228-83E4-A158F25E58F3}"
EndProject
Global
	GlobalSection(SolutionConfigurationPlatforms) = preSolution
		Debug|Any CPU = Debug|Any CPU
		Release|Any CPU = Release|Any CPU
	EndGlobalSection
	GlobalSection(ProjectConfigurationPlatforms) = postSolution
		{8BE7841C-0CB8-4228-83E4-A158F25E58F3}.Debug|Any CPU.ActiveCfg = Debug|Any CPU
		{8BE7841C-0CB8-4228-83E4-A158F25E58F3}.Debug|Any CPU.Build.0 = Debug|Any CPU
		{8BE7841C-0CB8-4228-83E4-A158F25E58F3}.Release|Any CPU.ActiveCfg = Release|Any CPU
		{8BE7841C-0CB8-4228-83E4-A158F25E58F3}.Release|Any CPU.Build.0 = Release|Any CPU
	EndGlobalSection
	GlobalSection(SolutionProperties) = preSolution
		HideSolutionNode = FALSE
	EndGlobalSection
	GlobalSection(ExtensibilityGlobals) = postSolution
		SolutionGuid = {9057D2BC-943D-45E9-928D-523DBCA3CCE7}
	EndGlobalSection
EndGlobal
